
Microsoft Visual Studio Solution File, Format Version 12.00
# Visual Studio Version 16
VisualStudioVersion = 16.0.30711.63
MinimumVisualStudioVersion = 10.0.40219.1
Project("{888888A0-9F3D-457C-B088-3A5042F75D52}") = "NNFS_Enviornment", "NNFS_Enviornment\NNFS_Enviornment.pyproj", "{17890C08-0258-4347-8128-9732B94712E1}"
EndProject
Global
	GlobalSection(SolutionConfigurationPlatforms) = preSolution
		Debug|Any CPU = Debug|Any CPU
		Release|Any CPU = Release|Any CPU
	EndGlobalSection
	GlobalSection(ProjectConfigurationPlatforms) = postSolution
		{17890C08-0258-4347-8128-9732B94712E1}.Debug|Any CPU.ActiveCfg = Debug|Any CPU
		{17890C08-0258-4347-8128-9732B94712E1}.Release|Any CPU.ActiveCfg = Release|Any CPU
	EndGlobalSection
	GlobalSection(SolutionProperties) = preSolution
		HideSolutionNode = FALSE
	EndGlobalSection
	GlobalSection(ExtensibilityGlobals) = postSolution
		SolutionGuid = {AA2E22C1-8AE7-482A-B5B8-2CAC78AA15DE}
	EndGlobalSection
EndGlobal
